
Microsoft Visual Studio Solution File, Format Version 12.00
# Visual Studio Version 17
VisualStudioVersion = 17.14.36109.1 d17.14
MinimumVisualStudioVersion = 10.0.40219.1
Project("{FAE04EC0-301F-11D3-BF4B-00C04F79EFBC}") = "Colonia", "Colonia.csproj", "{9E73DD7E-71A5-47FD-BA5F-C5641D8EF7FF}"
EndProject
Global
	GlobalSection(SolutionConfigurationPlatforms) = preSolution
		Debug|Any CPU = Debug|Any CPU
		Release|Any CPU = Release|Any CPU
	EndGlobalSection
	GlobalSection(ProjectConfigurationPlatforms) = postSolution
		{9E73DD7E-71A5-47FD-BA5F-C5641D8EF7FF}.Debug|Any CPU.ActiveCfg = Debug|Any CPU
		{9E73DD7E-71A5-47FD-BA5F-C5641D8EF7FF}.Debug|Any CPU.Build.0 = Debug|Any CPU
		{9E73DD7E-71A5-47FD-BA5F-C5641D8EF7FF}.Release|Any CPU.ActiveCfg = Release|Any CPU
		{9E73DD7E-71A5-47FD-BA5F-C5641D8EF7FF}.Release|Any CPU.Build.0 = Release|Any CPU
	EndGlobalSection
	GlobalSection(SolutionProperties) = preSolution
		HideSolutionNode = FALSE
	EndGlobalSection
	GlobalSection(ExtensibilityGlobals) = postSolution
		SolutionGuid = {FB288CE6-DC9E-40FB-B311-427D3CFE8FCF}
	EndGlobalSection
EndGlobal
